
Microsoft Visual Studio Solution File, Format Version 12.00
# Visual Studio 14
VisualStudioVersion = 14.0.25420.1
MinimumVisualStudioVersion = 10.0.40219.1
Project("{FAE04EC0-301F-11D3-BF4B-00C04F79EFBC}") = "XamarinApp1", "XamarinApp1\XamarinApp1\XamarinApp1.csproj", "{ABC725C2-D04C-4193-B076-B9E22F30AE0A}"
EndProject
Project("{FAE04EC0-301F-11D3-BF4B-00C04F79EFBC}") = "XamarinApp1.Droid", "XamarinApp1\XamarinApp1.Droid\XamarinApp1.Droid.csproj", "{226C9B09-4F1E-414F-8F5B-FFD7CDF2675E}"
EndProject
Project("{FAE04EC0-301F-11D3-BF4B-00C04F79EFBC}") = "XamarinApp1.iOS", "XamarinApp1\XamarinApp1.iOS\XamarinApp1.iOS.csproj", "{7ACDC795-FD5C-42D9-8F15-27D2C837FDA3}"
EndProject
Project("{FAE04EC0-301F-11D3-BF4B-00C04F79EFBC}") = "XamarinApp1.WinPhone", "XamarinApp1\XamarinApp1.WinPhone\XamarinApp1.WinPhone.csproj", "{F7E57C88-1B3D-408D-AC90-87B8955D20E0}"
EndProject
Project("{FAE04EC0-301F-11D3-BF4B-00C04F79EFBC}") = "XamarinApp1.Windows", "XamarinApp1\XamarinApp1.Windows\XamarinApp1.Windows.csproj", "{5D544C70-9039-4FC9-8CFC-16F37AF7DD2E}"
EndProject
Global
	GlobalSection(SolutionConfigurationPlatforms) = preSolution
		Ad-Hoc|Any CPU = Ad-Hoc|Any CPU
		Ad-Hoc|ARM = Ad-Hoc|ARM
		Ad-Hoc|iPhone = Ad-Hoc|iPhone
		Ad-Hoc|iPhoneSimulator = Ad-Hoc|iPhoneSimulator
		Ad-Hoc|x64 = Ad-Hoc|x64
		Ad-Hoc|x86 = Ad-Hoc|x86
		AppStore|Any CPU = AppStore|Any CPU
		AppStore|ARM = AppStore|ARM
		AppStore|iPhone = AppStore|iPhone
		AppStore|iPhoneSimulator = AppStore|iPhoneSimulator
		AppStore|x64 = AppStore|x64
		AppStore|x86 = AppStore|x86
		Debug|Any CPU = Debug|Any CPU
		Debug|ARM = Debug|ARM
		Debug|iPhone = Debug|iPhone
		Debug|iPhoneSimulator = Debug|iPhoneSimulator
		Debug|x64 = Debug|x64
		Debug|x86 = Debug|x86
		Release|Any CPU = Release|Any CPU
		Release|ARM = Release|ARM
		Release|iPhone = Release|iPhone
		Release|iPhoneSimulator = Release|iPhoneSimulator
		Release|x64 = Release|x64
		Release|x86 = Release|x86
	EndGlobalSection
	GlobalSection(ProjectConfigurationPlatforms) = postSolution
		{ABC725C2-D04C-4193-B076-B9E22F30AE0A}.Ad-Hoc|Any CPU.ActiveCfg = Release|Any CPU
		{ABC725C2-D04C-4193-B076-B9E22F30AE0A}.Ad-Hoc|Any CPU.Build.0 = Release|Any CPU
		{ABC725C2-D04C-4193-B076-B9E22F30AE0A}.Ad-Hoc|ARM.ActiveCfg = Release|Any CPU
		{ABC725C2-D04C-4193-B076-B9E22F30AE0A}.Ad-Hoc|ARM.Build.0 = Release|Any CPU
		{ABC725C2-D04C-4193-B076-B9E22F30AE0A}.Ad-Hoc|iPhone.ActiveCfg = Release|Any CPU
		{ABC725C2-D04C-4193-B076-B9E22F30AE0A}.Ad-Hoc|iPhone.Build.0 = Release|Any CPU
		{ABC725C2-D04C-4193-B076-B9E22F30AE0A}.Ad-Hoc|iPhoneSimulator.ActiveCfg = Release|Any CPU
		{ABC725C2-D04C-4193-B076-B9E22F30AE0A}.Ad-Hoc|iPhoneSimulator.Build.0 = Release|Any CPU
		{ABC725C2-D04C-4193-B076-B9E22F30AE0A}.Ad-Hoc|x64.ActiveCfg = Release|Any CPU
		{ABC725C2-D04C-4193-B076-B9E22F30AE0A}.Ad-Hoc|x64.Build.0 = Release|Any CPU
		{ABC725C2-D04C-4193-B076-B9E22F30AE0A}.Ad-Hoc|x86.ActiveCfg = Release|Any CPU
		{ABC725C2-D04C-4193-B076-B9E22F30AE0A}.Ad-Hoc|x86.Build.0 = Release|Any CPU
		{ABC725C2-D04C-4193-B076-B9E22F30AE0A}.AppStore|Any CPU.ActiveCfg = Release|Any CPU
		{ABC725C2-D04C-4193-B076-B9E22F30AE0A}.AppStore|Any CPU.Build.0 = Release|Any CPU
		{ABC725C2-D04C-4193-B076-B9E22F30AE0A}.AppStore|ARM.ActiveCfg = Release|Any CPU
		{ABC725C2-D04C-4193-B076-B9E22F30AE0A}.AppStore|ARM.Build.0 = Release|Any CPU
		{ABC725C2-D04C-4193-B076-B9E22F30AE0A}.AppStore|iPhone.ActiveCfg = Release|Any CPU
		{ABC725C2-D04C-4193-B076-B9E22F30AE0A}.AppStore|iPhone.Build.0 = Release|Any CPU
		{ABC725C2-D04C-4193-B076-B9E22F30AE0A}.AppStore|iPhoneSimulator.ActiveCfg = Release|Any CPU
		{ABC725C2-D04C-4193-B076-B9E22F30AE0A}.AppStore|iPhoneSimulator.Build.0 = Release|Any CPU
		{ABC725C2-D04C-4193-B076-B9E22F30AE0A}.AppStore|x64.ActiveCfg = Release|Any CPU
		{ABC725C2-D04C-4193-B076-B9E22F30AE0A}.AppStore|x64.Build.0 = Release|Any CPU
		{ABC725C2-D04C-4193-B076-B9E22F30AE0A}.AppStore|x86.ActiveCfg = Release|Any CPU
		{ABC725C2-D04C-4193-B076-B9E22F30AE0A}.AppStore|x86.Build.0 = Release|Any CPU
		{ABC725C2-D04C-4193-B076-B9E22F30AE0A}.Debug|Any CPU.ActiveCfg = Debug|Any CPU
		{ABC725C2-D04C-4193-B076-B9E22F30AE0A}.Debug|Any CPU.Build.0 = Debug|Any CPU
		{ABC725C2-D04C-4193-B076-B9E22F30AE0A}.Debug|ARM.ActiveCfg = Debug|Any CPU
		{ABC725C2-D04C-4193-B076-B9E22F30AE0A}.Debug|ARM.Build.0 = Debug|Any CPU
		{ABC725C2-D04C-4193-B076-B9E22F30AE0A}.Debug|iPhone.ActiveCfg = Debug|Any CPU
		{ABC725C2-D04C-4193-B076-B9E22F30AE0A}.Debug|iPhone.Build.0 = Debug|Any CPU
		{ABC725C2-D04C-4193-B076-B9E22F30AE0A}.Debug|iPhoneSimulator.ActiveCfg = Debug|Any CPU
		{ABC725C2-D04C-4193-B076-B9E22F30AE0A}.Debug|iPhoneSimulator.Build.0 = Debug|Any CPU
		{ABC725C2-D04C-4193-B076-B9E22F30AE0A}.Debug|x64.ActiveCfg = Debug|Any CPU
		{ABC725C2-D04C-4193-B076-B9E22F30AE0A}.Debug|x64.Build.0 = Debug|Any CPU
		{ABC725C2-D04C-4193-B076-B9E22F30AE0A}.Debug|x86.ActiveCfg = Debug|Any CPU
		{ABC725C2-D04C-4193-B076-B9E22F30AE0A}.Debug|x86.Build.0 = Debug|Any CPU
		{ABC725C2-D04C-4193-B076-B9E22F30AE0A}.Release|Any CPU.ActiveCfg = Release|Any CPU
		{ABC725C2-D04C-4193-B076-B9E22F30AE0A}.Release|Any CPU.Build.0 = Release|Any CPU
		{ABC725C2-D04C-4193-B076-B9E22F30AE0A}.Release|ARM.ActiveCfg = Release|Any CPU
		{ABC725C2-D04C-4193-B076-B9E22F30AE0A}.Release|ARM.Build.0 = Release|Any CPU
		{ABC725C2-D04C-4193-B076-B9E22F30AE0A}.Release|iPhone.ActiveCfg = Release|Any CPU
		{ABC725C2-D04C-4193-B076-B9E22F30AE0A}.Release|iPhone.Build.0 = Release|Any CPU
		{ABC725C2-D04C-4193-B076-B9E22F30AE0A}.Release|iPhoneSimulator.ActiveCfg = Release|Any CPU
		{ABC725C2-D04C-4193-B076-B9E22F30AE0A}.Release|iPhoneSimulator.Build.0 = Release|Any CPU
		{ABC725C2-D04C-4193-B076-B9E22F30AE0A}.Release|x64.ActiveCfg = Release|Any CPU
		{ABC725C2-D04C-4193-B076-B9E22F30AE0A}.Release|x64.Build.0 = Release|Any CPU
		{ABC725C2-D04C-4193-B076-B9E22F30AE0A}.Release|x86.ActiveCfg = Release|Any CPU
		{ABC725C2-D04C-4193-B076-B9E22F30AE0A}.Release|x86.Build.0 = Release|Any CPU
		{226C9B09-4F1E-414F-8F5B-FFD7CDF2675E}.Ad-Hoc|Any CPU.ActiveCfg = Release|Any CPU
		{226C9B09-4F1E-414F-8F5B-FFD7CDF2675E}.Ad-Hoc|Any CPU.Build.0 = Release|Any CPU
		{226C9B09-4F1E-414F-8F5B-FFD7CDF2675E}.Ad-Hoc|Any CPU.Deploy.0 = Release|Any CPU
		{226C9B09-4F1E-414F-8F5B-FFD7CDF2675E}.Ad-Hoc|ARM.ActiveCfg = Release|Any CPU
		{226C9B09-4F1E-414F-8F5B-FFD7CDF2675E}.Ad-Hoc|ARM.Build.0 = Release|Any CPU
		{226C9B09-4F1E-414F-8F5B-FFD7CDF2675E}.Ad-Hoc|ARM.Deploy.0 = Release|Any CPU
		{226C9B09-4F1E-414F-8F5B-FFD7CDF2675E}.Ad-Hoc|iPhone.ActiveCfg = Release|Any CPU
		{226C9B09-4F1E-414F-8F5B-FFD7CDF2675E}.Ad-Hoc|iPhone.Build.0 = Release|Any CPU
		{226C9B09-4F1E-414F-8F5B-FFD7CDF2675E}.Ad-Hoc|iPhone.Deploy.0 = Release|Any CPU
		{226C9B09-4F1E-414F-8F5B-FFD7CDF2675E}.Ad-Hoc|iPhoneSimulator.ActiveCfg = Release|Any CPU
		{226C9B09-4F1E-414F-8F5B-FFD7CDF2675E}.Ad-Hoc|iPhoneSimulator.Build.0 = Release|Any CPU
		{226C9B09-4F1E-414F-8F5B-FFD7CDF2675E}.Ad-Hoc|iPhoneSimulator.Deploy.0 = Release|Any CPU
		{226C9B09-4F1E-414F-8F5B-FFD7CDF2675E}.Ad-Hoc|x64.ActiveCfg = Release|Any CPU
		{226C9B09-4F1E-414F-8F5B-FFD7CDF2675E}.Ad-Hoc|x64.Build.0 = Release|Any CPU
		{226C9B09-4F1E-414F-8F5B-FFD7CDF2675E}.Ad-Hoc|x64.Deploy.0 = Release|Any CPU
		{226C9B09-4F1E-414F-8F5B-FFD7CDF2675E}.Ad-Hoc|x86.ActiveCfg = Release|Any CPU
		{226C9B09-4F1E-414F-8F5B-FFD7CDF2675E}.Ad-Hoc|x86.Build.0 = Release|Any CPU
		{226C9B09-4F1E-414F-8F5B-FFD7CDF2675E}.Ad-Hoc|x86.Deploy.0 = Release|Any CPU
		{226C9B09-4F1E-414F-8F5B-FFD7CDF2675E}.AppStore|Any CPU.ActiveCfg = Release|Any CPU
		{226C9B09-4F1E-414F-8F5B-FFD7CDF2675E}.AppStore|Any CPU.Build.0 = Release|Any CPU
		{226C9B09-4F1E-414F-8F5B-FFD7CDF2675E}.AppStore|Any CPU.Deploy.0 = Release|Any CPU
		{226C9B09-4F1E-414F-8F5B-FFD7CDF2675E}.AppStore|ARM.ActiveCfg = Release|Any CPU
		{226C9B09-4F1E-414F-8F5B-FFD7CDF2675E}.AppStore|ARM.Build.0 = Release|Any CPU
		{226C9B09-4F1E-414F-8F5B-FFD7CDF2675E}.AppStore|ARM.Deploy.0 = Release|Any CPU
		{226C9B09-4F1E-414F-8F5B-FFD7CDF2675E}.AppStore|iPhone.ActiveCfg = Release|Any CPU
		{226C9B09-4F1E-414F-8F5B-FFD7CDF2675E}.AppStore|iPhone.Build.0 = Release|Any CPU
		{226C9B09-4F1E-414F-8F5B-FFD7CDF2675E}.AppStore|iPhone.Deploy.0 = Release|Any CPU
		{226C9B09-4F1E-414F-8F5B-FFD7CDF2675E}.AppStore|iPhoneSimulator.ActiveCfg = Release|Any CPU
		{226C9B09-4F1E-414F-8F5B-FFD7CDF2675E}.AppStore|iPhoneSimulator.Build.0 = Release|Any CPU
		{226C9B09-4F1E-414F-8F5B-FFD7CDF2675E}.AppStore|iPhoneSimulator.Deploy.0 = Release|Any CPU
		{226C9B09-4F1E-414F-8F5B-FFD7CDF2675E}.AppStore|x64.ActiveCfg = Release|Any CPU
		{226C9B09-4F1E-414F-8F5B-FFD7CDF2675E}.AppStore|x64.Build.0 = Release|Any CPU
		{226C9B09-4F1E-414F-8F5B-FFD7CDF2675E}.AppStore|x64.Deploy.0 = Release|Any CPU
		{226C9B09-4F1E-414F-8F5B-FFD7CDF2675E}.AppStore|x86.ActiveCfg = Release|Any CPU
		{226C9B09-4F1E-414F-8F5B-FFD7CDF2675E}.AppStore|x86.Build.0 = Release|Any CPU
		{226C9B09-4F1E-414F-8F5B-FFD7CDF2675E}.AppStore|x86.Deploy.0 = Release|Any CPU
		{226C9B09-4F1E-414F-8F5B-FFD7CDF2675E}.Debug|Any CPU.ActiveCfg = Debug|Any CPU
		{226C9B09-4F1E-414F-8F5B-FFD7CDF2675E}.Debug|Any CPU.Build.0 = Debug|Any CPU
		{226C9B09-4F1E-414F-8F5B-FFD7CDF2675E}.Debug|Any CPU.Deploy.0 = Debug|Any CPU
		{226C9B09-4F1E-414F-8F5B-FFD7CDF2675E}.Debug|ARM.ActiveCfg = Debug|Any CPU
		{226C9B09-4F1E-414F-8F5B-FFD7CDF2675E}.Debug|ARM.Build.0 = Debug|Any CPU
		{226C9B09-4F1E-414F-8F5B-FFD7CDF2675E}.Debug|ARM.Deploy.0 = Debug|Any CPU
		{226C9B09-4F1E-414F-8F5B-FFD7CDF2675E}.Debug|iPhone.ActiveCfg = Debug|Any CPU
		{226C9B09-4F1E-414F-8F5B-FFD7CDF2675E}.Debug|iPhone.Build.0 = Debug|Any CPU
		{226C9B09-4F1E-414F-8F5B-FFD7CDF2675E}.Debug|iPhone.Deploy.0 = Debug|Any CPU
		{226C9B09-4F1E-414F-8F5B-FFD7CDF2675E}.Debug|iPhoneSimulator.ActiveCfg = Debug|Any CPU
		{226C9B09-4F1E-414F-8F5B-FFD7CDF2675E}.Debug|iPhoneSimulator.Build.0 = Debug|Any CPU
		{226C9B09-4F1E-414F-8F5B-FFD7CDF2675E}.Debug|iPhoneSimulator.Deploy.0 = Debug|Any CPU
		{226C9B09-4F1E-414F-8F5B-FFD7CDF2675E}.Debug|x64.ActiveCfg = Debug|Any CPU
		{226C9B09-4F1E-414F-8F5B-FFD7CDF2675E}.Debug|x64.Build.0 = Debug|Any CPU
		{226C9B09-4F1E-414F-8F5B-FFD7CDF2675E}.Debug|x64.Deploy.0 = Debug|Any CPU
		{226C9B09-4F1E-414F-8F5B-FFD7CDF2675E}.Debug|x86.ActiveCfg = Debug|Any CPU
		{226C9B09-4F1E-414F-8F5B-FFD7CDF2675E}.Debug|x86.Build.0 = Debug|Any CPU
		{226C9B09-4F1E-414F-8F5B-FFD7CDF2675E}.Debug|x86.Deploy.0 = Debug|Any CPU
		{226C9B09-4F1E-414F-8F5B-FFD7CDF2675E}.Release|Any CPU.ActiveCfg = Release|Any CPU
		{226C9B09-4F1E-414F-8F5B-FFD7CDF2675E}.Release|Any CPU.Build.0 = Release|Any CPU
		{226C9B09-4F1E-414F-8F5B-FFD7CDF2675E}.Release|Any CPU.Deploy.0 = Release|Any CPU
		{226C9B09-4F1E-414F-8F5B-FFD7CDF2675E}.Release|ARM.ActiveCfg = Release|Any CPU
		{226C9B09-4F1E-414F-8F5B-FFD7CDF2675E}.Release|ARM.Build.0 = Release|Any CPU
		{226C9B09-4F1E-414F-8F5B-FFD7CDF2675E}.Release|ARM.Deploy.0 = Release|Any CPU
		{226C9B09-4F1E-414F-8F5B-FFD7CDF2675E}.Release|iPhone.ActiveCfg = Release|Any CPU
		{226C9B09-4F1E-414F-8F5B-FFD7CDF2675E}.Release|iPhone.Build.0 = Release|Any CPU
		{226C9B09-4F1E-414F-8F5B-FFD7CDF2675E}.Release|iPhone.Deploy.0 = Release|Any CPU
		{226C9B09-4F1E-414F-8F5B-FFD7CDF2675E}.Release|iPhoneSimulator.ActiveCfg = Release|Any CPU
		{226C9B09-4F1E-414F-8F5B-FFD7CDF2675E}.Release|iPhoneSimulator.Build.0 = Release|Any CPU
		{226C9B09-4F1E-414F-8F5B-FFD7CDF2675E}.Release|iPhoneSimulator.Deploy.0 = Release|Any CPU
		{226C9B09-4F1E-414F-8F5B-FFD7CDF2675E}.Release|x64.ActiveCfg = Release|Any CPU
		{226C9B09-4F1E-414F-8F5B-FFD7CDF2675E}.Release|x64.Build.0 = Release|Any CPU
		{226C9B09-4F1E-414F-8F5B-FFD7CDF2675E}.Release|x64.Deploy.0 = Release|Any CPU
		{226C9B09-4F1E-414F-8F5B-FFD7CDF2675E}.Release|x86.ActiveCfg = Release|Any CPU
		{226C9B09-4F1E-414F-8F5B-FFD7CDF2675E}.Release|x86.Build.0 = Release|Any CPU
		{226C9B09-4F1E-414F-8F5B-FFD7CDF2675E}.Release|x86.Deploy.0 = Release|Any CPU
		{7ACDC795-FD5C-42D9-8F15-27D2C837FDA3}.Ad-Hoc|Any CPU.ActiveCfg = Ad-Hoc|iPhone
		{7ACDC795-FD5C-42D9-8F15-27D2C837FDA3}.Ad-Hoc|ARM.ActiveCfg = Ad-Hoc|iPhone
		{7ACDC795-FD5C-42D9-8F15-27D2C837FDA3}.Ad-Hoc|iPhone.ActiveCfg = Ad-Hoc|iPhone
		{7ACDC795-FD5C-42D9-8F15-27D2C837FDA3}.Ad-Hoc|iPhone.Build.0 = Ad-Hoc|iPhone
		{7ACDC795-FD5C-42D9-8F15-27D2C837FDA3}.Ad-Hoc|iPhoneSimulator.ActiveCfg = Ad-Hoc|iPhoneSimulator
		{7ACDC795-FD5C-42D9-8F15-27D2C837FDA3}.Ad-Hoc|iPhoneSimulator.Build.0 = Ad-Hoc|iPhoneSimulator
		{7ACDC795-FD5C-42D9-8F15-27D2C837FDA3}.Ad-Hoc|x64.ActiveCfg = Ad-Hoc|iPhone
		{7ACDC795-FD5C-42D9-8F15-27D2C837FDA3}.Ad-Hoc|x86.ActiveCfg = Ad-Hoc|iPhone
		{7ACDC795-FD5C-42D9-8F15-27D2C837FDA3}.AppStore|Any CPU.ActiveCfg = AppStore|iPhone
		{7ACDC795-FD5C-42D9-8F15-27D2C837FDA3}.AppStore|ARM.ActiveCfg = AppStore|iPhone
		{7ACDC795-FD5C-42D9-8F15-27D2C837FDA3}.AppStore|iPhone.ActiveCfg = AppStore|iPhone
		{7ACDC795-FD5C-42D9-8F15-27D2C837FDA3}.AppStore|iPhone.Build.0 = AppStore|iPhone
		{7ACDC795-FD5C-42D9-8F15-27D2C837FDA3}.AppStore|iPhoneSimulator.ActiveCfg = AppStore|iPhoneSimulator
		{7ACDC795-FD5C-42D9-8F15-27D2C837FDA3}.AppStore|iPhoneSimulator.Build.0 = AppStore|iPhoneSimulator
		{7ACDC795-FD5C-42D9-8F15-27D2C837FDA3}.AppStore|x64.ActiveCfg = AppStore|iPhone
		{7ACDC795-FD5C-42D9-8F15-27D2C837FDA3}.AppStore|x86.ActiveCfg = AppStore|iPhone
		{7ACDC795-FD5C-42D9-8F15-27D2C837FDA3}.Debug|Any CPU.ActiveCfg = Debug|iPhone
		{7ACDC795-FD5C-42D9-8F15-27D2C837FDA3}.Debug|ARM.ActiveCfg = Debug|iPhone
		{7ACDC795-FD5C-42D9-8F15-27D2C837FDA3}.Debug|iPhone.ActiveCfg = Debug|iPhone
		{7ACDC795-FD5C-42D9-8F15-27D2C837FDA3}.Debug|iPhone.Build.0 = Debug|iPhone
		{7ACDC795-FD5C-42D9-8F15-27D2C837FDA3}.Debug|iPhoneSimulator.ActiveCfg = Debug|iPhoneSimulator
		{7ACDC795-FD5C-42D9-8F15-27D2C837FDA3}.Debug|iPhoneSimulator.Build.0 = Debug|iPhoneSimulator
		{7ACDC795-FD5C-42D9-8F15-27D2C837FDA3}.Debug|x64.ActiveCfg = Debug|iPhone
		{7ACDC795-FD5C-42D9-8F15-27D2C837FDA3}.Debug|x86.ActiveCfg = Debug|iPhone
		{7ACDC795-FD5C-42D9-8F15-27D2C837FDA3}.Release|Any CPU.ActiveCfg = Release|iPhone
		{7ACDC795-FD5C-42D9-8F15-27D2C837FDA3}.Release|ARM.ActiveCfg = Release|iPhone
		{7ACDC795-FD5C-42D9-8F15-27D2C837FDA3}.Release|iPhone.ActiveCfg = Release|iPhone
		{7ACDC795-FD5C-42D9-8F15-27D2C837FDA3}.Release|iPhone.Build.0 = Release|iPhone
		{7ACDC795-FD5C-42D9-8F15-27D2C837FDA3}.Release|iPhoneSimulator.ActiveCfg = Release|iPhoneSimulator
		{7ACDC795-FD5C-42D9-8F15-27D2C837FDA3}.Release|iPhoneSimulator.Build.0 = Release|iPhoneSimulator
		{7ACDC795-FD5C-42D9-8F15-27D2C837FDA3}.Release|x64.ActiveCfg = Release|iPhone
		{7ACDC795-FD5C-42D9-8F15-27D2C837FDA3}.Release|x86.ActiveCfg = Release|iPhone
		{F7E57C88-1B3D-408D-AC90-87B8955D20E0}.Ad-Hoc|Any CPU.ActiveCfg = Release|Any CPU
		{F7E57C88-1B3D-408D-AC90-87B8955D20E0}.Ad-Hoc|Any CPU.Build.0 = Release|Any CPU
		{F7E57C88-1B3D-408D-AC90-87B8955D20E0}.Ad-Hoc|Any CPU.Deploy.0 = Release|Any CPU
		{F7E57C88-1B3D-408D-AC90-87B8955D20E0}.Ad-Hoc|ARM.ActiveCfg = Release|ARM
		{F7E57C88-1B3D-408D-AC90-87B8955D20E0}.Ad-Hoc|ARM.Build.0 = Release|ARM
		{F7E57C88-1B3D-408D-AC90-87B8955D20E0}.Ad-Hoc|ARM.Deploy.0 = Release|ARM
		{F7E57C88-1B3D-408D-AC90-87B8955D20E0}.Ad-Hoc|iPhone.ActiveCfg = Release|Any CPU
		{F7E57C88-1B3D-408D-AC90-87B8955D20E0}.Ad-Hoc|iPhone.Build.0 = Release|Any CPU
		{F7E57C88-1B3D-408D-AC90-87B8955D20E0}.Ad-Hoc|iPhone.Deploy.0 = Release|Any CPU
		{F7E57C88-1B3D-408D-AC90-87B8955D20E0}.Ad-Hoc|iPhoneSimulator.ActiveCfg = Release|Any CPU
		{F7E57C88-1B3D-408D-AC90-87B8955D20E0}.Ad-Hoc|iPhoneSimulator.Build.0 = Release|Any CPU
		{F7E57C88-1B3D-408D-AC90-87B8955D20E0}.Ad-Hoc|iPhoneSimulator.Deploy.0 = Release|Any CPU
		{F7E57C88-1B3D-408D-AC90-87B8955D20E0}.Ad-Hoc|x64.ActiveCfg = Release|Any CPU
		{F7E57C88-1B3D-408D-AC90-87B8955D20E0}.Ad-Hoc|x64.Build.0 = Release|Any CPU
		{F7E57C88-1B3D-408D-AC90-87B8955D20E0}.Ad-Hoc|x64.Deploy.0 = Release|Any CPU
		{F7E57C88-1B3D-408D-AC90-87B8955D20E0}.Ad-Hoc|x86.ActiveCfg = Release|x86
		{F7E57C88-1B3D-408D-AC90-87B8955D20E0}.Ad-Hoc|x86.Build.0 = Release|x86
		{F7E57C88-1B3D-408D-AC90-87B8955D20E0}.Ad-Hoc|x86.Deploy.0 = Release|x86
		{F7E57C88-1B3D-408D-AC90-87B8955D20E0}.AppStore|Any CPU.ActiveCfg = Release|Any CPU
		{F7E57C88-1B3D-408D-AC90-87B8955D20E0}.AppStore|Any CPU.Build.0 = Release|Any CPU
		{F7E57C88-1B3D-408D-AC90-87B8955D20E0}.AppStore|Any CPU.Deploy.0 = Release|Any CPU
		{F7E57C88-1B3D-408D-AC90-87B8955D20E0}.AppStore|ARM.ActiveCfg = Release|ARM
		{F7E57C88-1B3D-408D-AC90-87B8955D20E0}.AppStore|ARM.Build.0 = Release|ARM
		{F7E57C88-1B3D-408D-AC90-87B8955D20E0}.AppStore|ARM.Deploy.0 = Release|ARM
		{F7E57C88-1B3D-408D-AC90-87B8955D20E0}.AppStore|iPhone.ActiveCfg = Release|Any CPU
		{F7E57C88-1B3D-408D-AC90-87B8955D20E0}.AppStore|iPhone.Build.0 = Release|Any CPU
		{F7E57C88-1B3D-408D-AC90-87B8955D20E0}.AppStore|iPhone.Deploy.0 = Release|Any CPU
		{F7E57C88-1B3D-408D-AC90-87B8955D20E0}.AppStore|iPhoneSimulator.ActiveCfg = Release|Any CPU
		{F7E57C88-1B3D-408D-AC90-87B8955D20E0}.AppStore|iPhoneSimulator.Build.0 = Release|Any CPU
		{F7E57C88-1B3D-408D-AC90-87B8955D20E0}.AppStore|iPhoneSimulator.Deploy.0 = Release|Any CPU
		{F7E57C88-1B3D-408D-AC90-87B8955D20E0}.AppStore|x64.ActiveCfg = Release|Any CPU
		{F7E57C88-1B3D-408D-AC90-87B8955D20E0}.AppStore|x64.Build.0 = Release|Any CPU
		{F7E57C88-1B3D-408D-AC90-87B8955D20E0}.AppStore|x64.Deploy.0 = Release|Any CPU
		{F7E57C88-1B3D-408D-AC90-87B8955D20E0}.AppStore|x86.ActiveCfg = Release|x86
		{F7E57C88-1B3D-408D-AC90-87B8955D20E0}.AppStore|x86.Build.0 = Release|x86
		{F7E57C88-1B3D-408D-AC90-87B8955D20E0}.AppStore|x86.Deploy.0 = Release|x86
		{F7E57C88-1B3D-408D-AC90-87B8955D20E0}.Debug|Any CPU.ActiveCfg = Debug|Any CPU
		{F7E57C88-1B3D-408D-AC90-87B8955D20E0}.Debug|Any CPU.Build.0 = Debug|Any CPU
		{F7E57C88-1B3D-408D-AC90-87B8955D20E0}.Debug|Any CPU.Deploy.0 = Debug|Any CPU
		{F7E57C88-1B3D-408D-AC90-87B8955D20E0}.Debug|ARM.ActiveCfg = Debug|ARM
		{F7E57C88-1B3D-408D-AC90-87B8955D20E0}.Debug|ARM.Build.0 = Debug|ARM
		{F7E57C88-1B3D-408D-AC90-87B8955D20E0}.Debug|ARM.Deploy.0 = Debug|ARM
		{F7E57C88-1B3D-408D-AC90-87B8955D20E0}.Debug|iPhone.ActiveCfg = Debug|Any CPU
		{F7E57C88-1B3D-408D-AC90-87B8955D20E0}.Debug|iPhone.Build.0 = Debug|Any CPU
		{F7E57C88-1B3D-408D-AC90-87B8955D20E0}.Debug|iPhone.Deploy.0 = Debug|Any CPU
		{F7E57C88-1B3D-408D-AC90-87B8955D20E0}.Debug|iPhoneSimulator.ActiveCfg = Debug|Any CPU
		{F7E57C88-1B3D-408D-AC90-87B8955D20E0}.Debug|iPhoneSimulator.Build.0 = Debug|Any CPU
		{F7E57C88-1B3D-408D-AC90-87B8955D20E0}.Debug|iPhoneSimulator.Deploy.0 = Debug|Any CPU
		{F7E57C88-1B3D-408D-AC90-87B8955D20E0}.Debug|x64.ActiveCfg = Debug|Any CPU
		{F7E57C88-1B3D-408D-AC90-87B8955D20E0}.Debug|x64.Build.0 = Debug|Any CPU
		{F7E57C88-1B3D-408D-AC90-87B8955D20E0}.Debug|x64.Deploy.0 = Debug|Any CPU
		{F7E57C88-1B3D-408D-AC90-87B8955D20E0}.Debug|x86.ActiveCfg = Debug|x86
		{F7E57C88-1B3D-408D-AC90-87B8955D20E0}.Debug|x86.Build.0 = Debug|x86
		{F7E57C88-1B3D-408D-AC90-87B8955D20E0}.Debug|x86.Deploy.0 = Debug|x86
		{F7E57C88-1B3D-408D-AC90-87B8955D20E0}.Release|Any CPU.ActiveCfg = Release|Any CPU
		{F7E57C88-1B3D-408D-AC90-87B8955D20E0}.Release|Any CPU.Build.0 = Release|Any CPU
		{F7E57C88-1B3D-408D-AC90-87B8955D20E0}.Release|Any CPU.Deploy.0 = Release|Any CPU
		{F7E57C88-1B3D-408D-AC90-87B8955D20E0}.Release|ARM.ActiveCfg = Release|ARM
		{F7E57C88-1B3D-408D-AC90-87B8955D20E0}.Release|ARM.Build.0 = Release|ARM
		{F7E57C88-1B3D-408D-AC90-87B8955D20E0}.Release|ARM.Deploy.0 = Release|ARM
		{F7E57C88-1B3D-408D-AC90-87B8955D20E0}.Release|iPhone.ActiveCfg = Release|Any CPU
		{F7E57C88-1B3D-408D-AC90-87B8955D20E0}.Release|iPhone.Build.0 = Release|Any CPU
		{F7E57C88-1B3D-408D-AC90-87B8955D20E0}.Release|iPhone.Deploy.0 = Release|Any CPU
		{F7E57C88-1B3D-408D-AC90-87B8955D20E0}.Release|iPhoneSimulator.ActiveCfg = Release|Any CPU
		{F7E57C88-1B3D-408D-AC90-87B8955D20E0}.Release|iPhoneSimulator.Build.0 = Release|Any CPU
		{F7E57C88-1B3D-408D-AC90-87B8955D20E0}.Release|iPhoneSimulator.Deploy.0 = Release|Any CPU
		{F7E57C88-1B3D-408D-AC90-87B8955D20E0}.Release|x64.ActiveCfg = Release|Any CPU
		{F7E57C88-1B3D-408D-AC90-87B8955D20E0}.Release|x64.Build.0 = Release|Any CPU
		{F7E57C88-1B3D-408D-AC90-87B8955D20E0}.Release|x64.Deploy.0 = Release|Any CPU
		{F7E57C88-1B3D-408D-AC90-87B8955D20E0}.Release|x86.ActiveCfg = Release|x86
		{F7E57C88-1B3D-408D-AC90-87B8955D20E0}.Release|x86.Build.0 = Release|x86
		{F7E57C88-1B3D-408D-AC90-87B8955D20E0}.Release|x86.Deploy.0 = Release|x86
		{5D544C70-9039-4FC9-8CFC-16F37AF7DD2E}.Ad-Hoc|Any CPU.ActiveCfg = Release|Any CPU
		{5D544C70-9039-4FC9-8CFC-16F37AF7DD2E}.Ad-Hoc|Any CPU.Build.0 = Release|Any CPU
		{5D544C70-9039-4FC9-8CFC-16F37AF7DD2E}.Ad-Hoc|Any CPU.Deploy.0 = Release|Any CPU
		{5D544C70-9039-4FC9-8CFC-16F37AF7DD2E}.Ad-Hoc|ARM.ActiveCfg = Release|ARM
		{5D544C70-9039-4FC9-8CFC-16F37AF7DD2E}.Ad-Hoc|ARM.Build.0 = Release|ARM
		{5D544C70-9039-4FC9-8CFC-16F37AF7DD2E}.Ad-Hoc|ARM.Deploy.0 = Release|ARM
		{5D544C70-9039-4FC9-8CFC-16F37AF7DD2E}.Ad-Hoc|iPhone.ActiveCfg = Release|Any CPU
		{5D544C70-9039-4FC9-8CFC-16F37AF7DD2E}.Ad-Hoc|iPhone.Build.0 = Release|Any CPU
		{5D544C70-9039-4FC9-8CFC-16F37AF7DD2E}.Ad-Hoc|iPhone.Deploy.0 = Release|Any CPU
		{5D544C70-9039-4FC9-8CFC-16F37AF7DD2E}.Ad-Hoc|iPhoneSimulator.ActiveCfg = Release|Any CPU
		{5D544C70-9039-4FC9-8CFC-16F37AF7DD2E}.Ad-Hoc|iPhoneSimulator.Build.0 = Release|Any CPU
		{5D544C70-9039-4FC9-8CFC-16F37AF7DD2E}.Ad-Hoc|iPhoneSimulator.Deploy.0 = Release|Any CPU
		{5D544C70-9039-4FC9-8CFC-16F37AF7DD2E}.Ad-Hoc|x64.ActiveCfg = Release|x64
		{5D544C70-9039-4FC9-8CFC-16F37AF7DD2E}.Ad-Hoc|x64.Build.0 = Release|x64
		{5D544C70-9039-4FC9-8CFC-16F37AF7DD2E}.Ad-Hoc|x64.Deploy.0 = Release|x64
		{5D544C70-9039-4FC9-8CFC-16F37AF7DD2E}.Ad-Hoc|x86.ActiveCfg = Release|x86
		{5D544C70-9039-4FC9-8CFC-16F37AF7DD2E}.Ad-Hoc|x86.Build.0 = Release|x86
		{5D544C70-9039-4FC9-8CFC-16F37AF7DD2E}.Ad-Hoc|x86.Deploy.0 = Release|x86
		{5D544C70-9039-4FC9-8CFC-16F37AF7DD2E}.AppStore|Any CPU.ActiveCfg = Release|Any CPU
		{5D544C70-9039-4FC9-8CFC-16F37AF7DD2E}.AppStore|Any CPU.Build.0 = Release|Any CPU
		{5D544C70-9039-4FC9-8CFC-16F37AF7DD2E}.AppStore|Any CPU.Deploy.0 = Release|Any CPU
		{5D544C70-9039-4FC9-8CFC-16F37AF7DD2E}.AppStore|ARM.ActiveCfg = Release|ARM
		{5D544C70-9039-4FC9-8CFC-16F37AF7DD2E}.AppStore|ARM.Build.0 = Release|ARM
		{5D544C70-9039-4FC9-8CFC-16F37AF7DD2E}.AppStore|ARM.Deploy.0 = Release|ARM
		{5D544C70-9039-4FC9-8CFC-16F37AF7DD2E}.AppStore|iPhone.ActiveCfg = Release|Any CPU
		{5D544C70-9039-4FC9-8CFC-16F37AF7DD2E}.AppStore|iPhone.Build.0 = Release|Any CPU
		{5D544C70-9039-4FC9-8CFC-16F37AF7DD2E}.AppStore|iPhone.Deploy.0 = Release|Any CPU
		{5D544C70-9039-4FC9-8CFC-16F37AF7DD2E}.AppStore|iPhoneSimulator.ActiveCfg = Release|Any CPU
		{5D544C70-9039-4FC9-8CFC-16F37AF7DD2E}.AppStore|iPhoneSimulator.Build.0 = Release|Any CPU
		{5D544C70-9039-4FC9-8CFC-16F37AF7DD2E}.AppStore|iPhoneSimulator.Deploy.0 = Release|Any CPU
		{5D544C70-9039-4FC9-8CFC-16F37AF7DD2E}.AppStore|x64.ActiveCfg = Release|x64
		{5D544C70-9039-4FC9-8CFC-16F37AF7DD2E}.AppStore|x64.Build.0 = Release|x64
		{5D544C70-9039-4FC9-8CFC-16F37AF7DD2E}.AppStore|x64.Deploy.0 = Release|x64
		{5D544C70-9039-4FC9-8CFC-16F37AF7DD2E}.AppStore|x86.ActiveCfg = Release|x86
		{5D544C70-9039-4FC9-8CFC-16F37AF7DD2E}.AppStore|x86.Build.0 = Release|x86
		{5D544C70-9039-4FC9-8CFC-16F37AF7DD2E}.AppStore|x86.Deploy.0 = Release|x86
		{5D544C70-9039-4FC9-8CFC-16F37AF7DD2E}.Debug|Any CPU.ActiveCfg = Debug|Any CPU
		{5D544C70-9039-4FC9-8CFC-16F37AF7DD2E}.Debug|Any CPU.Build.0 = Debug|Any CPU
		{5D544C70-9039-4FC9-8CFC-16F37AF7DD2E}.Debug|Any CPU.Deploy.0 = Debug|Any CPU
		{5D544C70-9039-4FC9-8CFC-16F37AF7DD2E}.Debug|ARM.ActiveCfg = Debug|ARM
		{5D544C70-9039-4FC9-8CFC-16F37AF7DD2E}.Debug|ARM.Build.0 = Debug|ARM
		{5D544C70-9039-4FC9-8CFC-16F37AF7DD2E}.Debug|ARM.Deploy.0 = Debug|ARM
		{5D544C70-9039-4FC9-8CFC-16F37AF7DD2E}.Debug|iPhone.ActiveCfg = Debug|Any CPU
		{5D544C70-9039-4FC9-8CFC-16F37AF7DD2E}.Debug|iPhone.Build.0 = Debug|Any CPU
		{5D544C70-9039-4FC9-8CFC-16F37AF7DD2E}.Debug|iPhone.Deploy.0 = Debug|Any CPU
		{5D544C70-9039-4FC9-8CFC-16F37AF7DD2E}.Debug|iPhoneSimulator.ActiveCfg = Debug|Any CPU
		{5D544C70-9039-4FC9-8CFC-16F37AF7DD2E}.Debug|iPhoneSimulator.Build.0 = Debug|Any CPU
		{5D544C70-9039-4FC9-8CFC-16F37AF7DD2E}.Debug|iPhoneSimulator.Deploy.0 = Debug|Any CPU
		{5D544C70-9039-4FC9-8CFC-16F37AF7DD2E}.Debug|x64.ActiveCfg = Debug|x64
		{5D544C70-9039-4FC9-8CFC-16F37AF7DD2E}.Debug|x64.Build.0 = Debug|x64
		{5D544C70-9039-4FC9-8CFC-16F37AF7DD2E}.Debug|x64.Deploy.0 = Debug|x64
		{5D544C70-9039-4FC9-8CFC-16F37AF7DD2E}.Debug|x86.ActiveCfg = Debug|x86
		{5D544C70-9039-4FC9-8CFC-16F37AF7DD2E}.Debug|x86.Build.0 = Debug|x86
		{5D544C70-9039-4FC9-8CFC-16F37AF7DD2E}.Debug|x86.Deploy.0 = Debug|x86
		{5D544C70-9039-4FC9-8CFC-16F37AF7DD2E}.Release|Any CPU.ActiveCfg = Release|Any CPU
		{5D544C70-9039-4FC9-8CFC-16F37AF7DD2E}.Release|Any CPU.Build.0 = Release|Any CPU
		{5D544C70-9039-4FC9-8CFC-16F37AF7DD2E}.Release|Any CPU.Deploy.0 = Release|Any CPU
		{5D544C70-9039-4FC9-8CFC-16F37AF7DD2E}.Release|ARM.ActiveCfg = Release|ARM
		{5D544C70-9039-4FC9-8CFC-16F37AF7DD2E}.Release|ARM.Build.0 = Release|ARM
		{5D544C70-9039-4FC9-8CFC-16F37AF7DD2E}.Release|ARM.Deploy.0 = Release|ARM
		{5D544C70-9039-4FC9-8CFC-16F37AF7DD2E}.Release|iPhone.ActiveCfg = Release|Any CPU
		{5D544C70-9039-4FC9-8CFC-16F37AF7DD2E}.Release|iPhone.Build.0 = Release|Any CPU
		{5D544C70-9039-4FC9-8CFC-16F37AF7DD2E}.Release|iPhone.Deploy.0 = Release|Any CPU
		{5D544C70-9039-4FC9-8CFC-16F37AF7DD2E}.Release|iPhoneSimulator.ActiveCfg = Release|Any CPU
		{5D544C70-9039-4FC9-8CFC-16F37AF7DD2E}.Release|iPhoneSimulator.Build.0 = Release|Any CPU
		{5D544C70-9039-4FC9-8CFC-16F37AF7DD2E}.Release|iPhoneSimulator.Deploy.0 = Release|Any CPU
		{5D544C70-9039-4FC9-8CFC-16F37AF7DD2E}.Release|x64.ActiveCfg = Release|x64
		{5D544C70-9039-4FC9-8CFC-16F37AF7DD2E}.Release|x64.Build.0 = Release|x64
		{5D544C70-9039-4FC9-8CFC-16F37AF7DD2E}.Release|x64.Deploy.0 = Release|x64
		{5D544C70-9039-4FC9-8CFC-16F37AF7DD2E}.Release|x86.ActiveCfg = Release|x86
		{5D544C70-9039-4FC9-8CFC-16F37AF7DD2E}.Release|x86.Build.0 = Release|x86
		{5D544C70-9039-4FC9-8CFC-16F37AF7DD2E}.Release|x86.Deploy.0 = Release|x86
	EndGlobalSection
	GlobalSection(SolutionProperties) = preSolution
		HideSolutionNode = FALSE
	EndGlobalSection
EndGlobal
